// !$*UTF8*$!
{
	archiveVersion = 1;
	classes = {
	};
	objectVersion = 77;
	objects = {

/* Begin PBXContainerItemProxy section */
		04F1E3192D146FE500BFAEE8 /* PBXContainerItemProxy */ = {
			isa = PBXContainerItemProxy;
			containerPortal = 04F1E3002D146FE300BFAEE8 /* Project object */;
			proxyType = 1;
			remoteGlobalIDString = 04F1E3072D146FE300BFAEE8;
			remoteInfo = AccessibilitySandbox;
		};
		04F1E3232D146FE500BFAEE8 /* PBXContainerItemProxy */ = {
			isa = PBXContainerItemProxy;
			containerPortal = 04F1E3002D146FE300BFAEE8 /* Project object */;
			proxyType = 1;
			remoteGlobalIDString = 04F1E3072D146FE300BFAEE8;
			remoteInfo = AccessibilitySandbox;
		};
/* End PBXContainerItemProxy section */

/* Begin PBXFileReference section */
		04F1E3082D146FE300BFAEE8 /* AccessibilitySandbox.app */ = {isa = PBXFileReference; explicitFileType = wrapper.application; includeInIndex = 0; path = AccessibilitySandbox.app; sourceTree = BUILT_PRODUCTS_DIR; };
		04F1E3182D146FE500BFAEE8 /* AccessibilitySandboxTests.xctest */ = {isa = PBXFileReference; explicitFileType = wrapper.cfbundle; includeInIndex = 0; path = AccessibilitySandboxTests.xctest; sourceTree = BUILT_PRODUCTS_DIR; };
		04F1E3222D146FE500BFAEE8 /* AccessibilitySandboxUITests.xctest */ = {isa = PBXFileReference; explicitFileType = wrapper.cfbundle; includeInIndex = 0; path = AccessibilitySandboxUITests.xctest; sourceTree = BUILT_PRODUCTS_DIR; };
/* End PBXFileReference section */

/* Begin PBXFileSystemSynchronizedRootGroup section */
		04F1E30A2D146FE300BFAEE8 /* AccessibilitySandbox */ = {
			isa = PBXFileSystemSynchronizedRootGroup;
			path = AccessibilitySandbox;
			sourceTree = "<group>";
		};
		04F1E31B2D146FE500BFAEE8 /* AccessibilitySandboxTests */ = {
			isa = PBXFileSystemSynchronizedRootGroup;
			path = AccessibilitySandboxTests;
			sourceTree = "<group>";
		};
		04F1E3252D146FE500BFAEE8 /* AccessibilitySandboxUITests */ = {
			isa = PBXFileSystemSynchronizedRootGroup;
			path = AccessibilitySandboxUITests;
			sourceTree = "<group>";
		};
/* End PBXFileSystemSynchronizedRootGroup section */

/* Begin PBXFrameworksBuildPhase section */
		04F1E3052D146FE300BFAEE8 /* Frameworks */ = {
			isa = PBXFrameworksBuildPhase;
			buildActionMask = 2147483647;
			files = (
			);
			runOnlyForDeploymentPostprocessing = 0;
		};
		04F1E3152D146FE500BFAEE8 /* Frameworks */ = {
			isa = PBXFrameworksBuildPhase;
			buildActionMask = 2147483647;
			files = (
			);
			runOnlyForDeploymentPostprocessing = 0;
		};
		04F1E31F2D146FE500BFAEE8 /* Frameworks */ = {
			isa = PBXFrameworksBuildPhase;
			buildActionMask = 2147483647;
			files = (
			);
			runOnlyForDeploymentPostprocessing = 0;
		};
/* End PBXFrameworksBuildPhase section */

/* Begin PBXGroup section */
		04F1E2FF2D146FE300BFAEE8 = {
			isa = PBXGroup;
			children = (
				04F1E30A2D146FE300BFAEE8 /* AccessibilitySandbox */,
				04F1E31B2D146FE500BFAEE8 /* AccessibilitySandboxTests */,
				04F1E3252D146FE500BFAEE8 /* AccessibilitySandboxUITests */,
				04F1E3092D146FE300BFAEE8 /* Products */,
			);
			sourceTree = "<group>";
		};
		04F1E3092D146FE300BFAEE8 /* Products */ = {
			isa = PBXGroup;
			children = (
				04F1E3082D146FE300BFAEE8 /* AccessibilitySandbox.app */,
				04F1E3182D146FE500BFAEE8 /* AccessibilitySandboxTests.xctest */,
				04F1E3222D146FE500BFAEE8 /* AccessibilitySandboxUITests.xctest */,
			);
			name = Products;
			sourceTree = "<group>";
		};
/* End PBXGroup section */

/* Begin PBXNativeTarget section */
		04F1E3072D146FE300BFAEE8 /* AccessibilitySandbox */ = {
			isa = PBXNativeTarget;
			buildConfigurationList = 04F1E32C2D146FE500BFAEE8 /* Build configuration list for PBXNativeTarget "AccessibilitySandbox" */;
			buildPhases = (
				04F1E3042D146FE300BFAEE8 /* Sources */,
				04F1E3052D146FE300BFAEE8 /* Frameworks */,
				04F1E3062D146FE300BFAEE8 /* Resources */,
			);
			buildRules = (
			);
			dependencies = (
			);
			fileSystemSynchronizedGroups = (
				04F1E30A2D146FE300BFAEE8 /* AccessibilitySandbox */,
			);
			name = AccessibilitySandbox;
			packageProductDependencies = (
			);
			productName = AccessibilitySandbox;
			productReference = 04F1E3082D146FE300BFAEE8 /* AccessibilitySandbox.app */;
			productType = "com.apple.product-type.application";
		};
		04F1E3172D146FE500BFAEE8 /* AccessibilitySandboxTests */ = {
			isa = PBXNativeTarget;
			buildConfigurationList = 04F1E32F2D146FE500BFAEE8 /* Build configuration list for PBXNativeTarget "AccessibilitySandboxTests" */;
			buildPhases = (
				04F1E3142D146FE500BFAEE8 /* Sources */,
				04F1E3152D146FE500BFAEE8 /* Frameworks */,
				04F1E3162D146FE500BFAEE8 /* Resources */,
			);
			buildRules = (
			);
			dependencies = (
				04F1E31A2D146FE500BFAEE8 /* PBXTargetDependency */,
			);
			fileSystemSynchronizedGroups = (
				04F1E31B2D146FE500BFAEE8 /* AccessibilitySandboxTests */,
			);
			name = AccessibilitySandboxTests;
			packageProductDependencies = (
			);
			productName = AccessibilitySandboxTests;
			productReference = 04F1E3182D146FE500BFAEE8 /* AccessibilitySandboxTests.xctest */;
			productType = "com.apple.product-type.bundle.unit-test";
		};
		04F1E3212D146FE500BFAEE8 /* AccessibilitySandboxUITests */ = {
			isa = PBXNativeTarget;
			buildConfigurationList = 04F1E3322D146FE500BFAEE8 /* Build configuration list for PBXNativeTarget "AccessibilitySandboxUITests" */;
			buildPhases = (
				04F1E31E2D146FE500BFAEE8 /* Sources */,
				04F1E31F2D146FE500BFAEE8 /* Frameworks */,
				04F1E3202D146FE500BFAEE8 /* Resources */,
			);
			buildRules = (
			);
			dependencies = (
				04F1E3242D146FE500BFAEE8 /* PBXTargetDependency */,
			);
			fileSystemSynchronizedGroups = (
				04F1E3252D146FE500BFAEE8 /* AccessibilitySandboxUITests */,
			);
			name = AccessibilitySandboxUITests;
			packageProductDependencies = (
			);
			productName = AccessibilitySandboxUITests;
			productReference = 04F1E3222D146FE500BFAEE8 /* AccessibilitySandboxUITests.xctest */;
			productType = "com.apple.product-type.bundle.ui-testing";
		};
/* End PBXNativeTarget section */

/* Begin PBXProject section */
		04F1E3002D146FE300BFAEE8 /* Project object */ = {
			isa = PBXProject;
			attributes = {
				BuildIndependentTargetsInParallel = 1;
				LastSwiftUpdateCheck = 1600;
				LastUpgradeCheck = 1600;
				TargetAttributes = {
					04F1E3072D146FE300BFAEE8 = {
						CreatedOnToolsVersion = 16.0;
					};
					04F1E3172D146FE500BFAEE8 = {
						CreatedOnToolsVersion = 16.0;
						TestTargetID = 04F1E3072D146FE300BFAEE8;
					};
					04F1E3212D146FE500BFAEE8 = {
						CreatedOnToolsVersion = 16.0;
						TestTargetID = 04F1E3072D146FE300BFAEE8;
					};
				};
			};
			buildConfigurationList = 04F1E3032D146FE300BFAEE8 /* Build configuration list for PBXProject "AccessibilitySandbox" */;
			developmentRegion = en;
			hasScannedForEncodings = 0;
			knownRegions = (
				en,
				Base,
			);
			mainGroup = 04F1E2FF2D146FE300BFAEE8;
			minimizedProjectReferenceProxies = 1;
			preferredProjectObjectVersion = 77;
			productRefGroup = 04F1E3092D146FE300BFAEE8 /* Products */;
			projectDirPath = "";
			projectRoot = "";
			targets = (
				04F1E3072D146FE300BFAEE8 /* AccessibilitySandbox */,
				04F1E3172D146FE500BFAEE8 /* AccessibilitySandboxTests */,
				04F1E3212D146FE500BFAEE8 /* AccessibilitySandboxUITests */,
			);
		};
/* End PBXProject section */

/* Begin PBXResourcesBuildPhase section */
		04F1E3062D146FE300BFAEE8 /* Resources */ = {
			isa = PBXResourcesBuildPhase;
			buildActionMask = 2147483647;
			files = (
			);
			runOnlyForDeploymentPostprocessing = 0;
		};
		04F1E3162D146FE500BFAEE8 /* Resources */ = {
			isa = PBXResourcesBuildPhase;
			buildActionMask = 2147483647;
			files = (
			);
			runOnlyForDeploymentPostprocessing = 0;
		};
		04F1E3202D146FE500BFAEE8 /* Resources */ = {
			isa = PBXResourcesBuildPhase;
			buildActionMask = 2147483647;
			files = (
			);
			runOnlyForDeploymentPostprocessing = 0;
		};
/* End PBXResourcesBuildPhase section */

/* Begin PBXSourcesBuildPhase section */
		04F1E3042D146FE300BFAEE8 /* Sources */ = {
			isa = PBXSourcesBuildPhase;
			buildActionMask = 2147483647;
			files = (
			);
			runOnlyForDeploymentPostprocessing = 0;
		};
		04F1E3142D146FE500BFAEE8 /* Sources */ = {
			isa = PBXSourcesBuildPhase;
			buildActionMask = 2147483647;
			files = (
			);
			runOnlyForDeploymentPostprocessing = 0;
		};
		04F1E31E2D146FE500BFAEE8 /* Sources */ = {
			isa = PBXSourcesBuildPhase;
			buildActionMask = 2147483647;
			files = (
			);
			runOnlyForDeploymentPostprocessing = 0;
		};
/* End PBXSourcesBuildPhase section */

/* Begin PBXTargetDependency section */
		04F1E31A2D146FE500BFAEE8 /* PBXTargetDependency */ = {
			isa = PBXTargetDependency;
			target = 04F1E3072D146FE300BFAEE8 /* AccessibilitySandbox */;
			targetProxy = 04F1E3192D146FE500BFAEE8 /* PBXContainerItemProxy */;
		};
		04F1E3242D146FE500BFAEE8 /* PBXTargetDependency */ = {
			isa = PBXTargetDependency;
			target = 04F1E3072D146FE300BFAEE8 /* AccessibilitySandbox */;
			targetProxy = 04F1E3232D146FE500BFAEE8 /* PBXContainerItemProxy */;
		};
/* End PBXTargetDependency section */

/* Begin XCBuildConfiguration section */
		04F1E32A2D146FE500BFAEE8 /* Debug */ = {
			isa = XCBuildConfiguration;
			buildSettings = {
				ALWAYS_SEARCH_USER_PATHS = NO;
				ASSETCATALOG_COMPILER_GENERATE_SWIFT_ASSET_SYMBOL_EXTENSIONS = YES;
				CLANG_ANALYZER_NONNULL = YES;
				CLANG_ANALYZER_NUMBER_OBJECT_CONVERSION = YES_AGGRESSIVE;
				CLANG_CXX_LANGUAGE_STANDARD = "gnu++20";
				CLANG_ENABLE_MODULES = YES;
				CLANG_ENABLE_OBJC_ARC = YES;
				CLANG_ENABLE_OBJC_WEAK = YES;
				CLANG_WARN_BLOCK_CAPTURE_AUTORELEASING = YES;
				CLANG_WARN_BOOL_CONVERSION = YES;
				CLANG_WARN_COMMA = YES;
				CLANG_WARN_CONSTANT_CONVERSION = YES;
				CLANG_WARN_DEPRECATED_OBJC_IMPLEMENTATIONS = YES;
				CLANG_WARN_DIRECT_OBJC_ISA_USAGE = YES_ERROR;
				CLANG_WARN_DOCUMENTATION_COMMENTS = YES;
				CLANG_WARN_EMPTY_BODY = YES;
				CLANG_WARN_ENUM_CONVERSION = YES;
				CLANG_WARN_INFINITE_RECURSION = YES;
				CLANG_WARN_INT_CONVERSION = YES;
				CLANG_WARN_NON_LITERAL_NULL_CONVERSION = YES;
				CLANG_WARN_OBJC_IMPLICIT_RETAIN_SELF = YES;
				CLANG_WARN_OBJC_LITERAL_CONVERSION = YES;
				CLANG_WARN_OBJC_ROOT_CLASS = YES_ERROR;
				CLANG_WARN_QUOTED_INCLUDE_IN_FRAMEWORK_HEADER = YES;
				CLANG_WARN_RANGE_LOOP_ANALYSIS = YES;
				CLANG_WARN_STRICT_PROTOTYPES = YES;
				CLANG_WARN_SUSPICIOUS_MOVE = YES;
				CLANG_WARN_UNGUARDED_AVAILABILITY = YES_AGGRESSIVE;
				CLANG_WARN_UNREACHABLE_CODE = YES;
				CLANG_WARN__DUPLICATE_METHOD_MATCH = YES;
				COPY_PHASE_STRIP = NO;
				DEBUG_INFORMATION_FORMAT = dwarf;
				ENABLE_STRICT_OBJC_MSGSEND = YES;
				ENABLE_TESTABILITY = YES;
				ENABLE_USER_SCRIPT_SANDBOXING = YES;
				GCC_C_LANGUAGE_STANDARD = gnu17;
				GCC_DYNAMIC_NO_PIC = NO;
				GCC_NO_COMMON_BLOCKS = YES;
				GCC_OPTIMIZATION_LEVEL = 0;
				GCC_PREPROCESSOR_DEFINITIONS = (
					"DEBUG=1",
					"$(inherited)",
				);
				GCC_WARN_64_TO_32_BIT_CONVERSION = YES;
				GCC_WARN_ABOUT_RETURN_TYPE = YES_ERROR;
				GCC_WARN_UNDECLARED_SELECTOR = YES;
				GCC_WARN_UNINITIALIZED_AUTOS = YES_AGGRESSIVE;
				GCC_WARN_UNUSED_FUNCTION = YES;
				GCC_WARN_UNUSED_VARIABLE = YES;
				IPHONEOS_DEPLOYMENT_TARGET = 18.0;
				LOCALIZATION_PREFERS_STRING_CATALOGS = YES;
				MTL_ENABLE_DEBUG_INFO = INCLUDE_SOURCE;
				MTL_FAST_MATH = YES;
				ONLY_ACTIVE_ARCH = YES;
				SDKROOT = iphoneos;
				SWIFT_ACTIVE_COMPILATION_CONDITIONS = "DEBUG $(inherited)";
				SWIFT_OPTIMIZATION_LEVEL = "-Onone";
			};
			name = Debug;
		};
		04F1E32B2D146FE500BFAEE8 /* Release */ = {
			isa = XCBuildConfiguration;
			buildSettings = {
				ALWAYS_SEARCH_USER_PATHS = NO;
				ASSETCATALOG_COMPILER_GENERATE_SWIFT_ASSET_SYMBOL_EXTENSIONS = YES;
				CLANG_ANALYZER_NONNULL = YES;
				CLANG_ANALYZER_NUMBER_OBJECT_CONVERSION = YES_AGGRESSIVE;
				CLANG_CXX_LANGUAGE_STANDARD = "gnu++20";
				CLANG_ENABLE_MODULES = YES;
				CLANG_ENABLE_OBJC_ARC = YES;
				CLANG_ENABLE_OBJC_WEAK = YES;
				CLANG_WARN_BLOCK_CAPTURE_AUTORELEASING = YES;
				CLANG_WARN_BOOL_CONVERSION = YES;
				CLANG_WARN_COMMA = YES;
				CLANG_WARN_CONSTANT_CONVERSION = YES;
				CLANG_WARN_DEPRECATED_OBJC_IMPLEMENTATIONS = YES;
				CLANG_WARN_DIRECT_OBJC_ISA_USAGE = YES_ERROR;
				CLANG_WARN_DOCUMENTATION_COMMENTS = YES;
				CLANG_WARN_EMPTY_BODY = YES;
				CLANG_WARN_ENUM_CONVERSION = YES;
				CLANG_WARN_INFINITE_RECURSION = YES;
				CLANG_WARN_INT_CONVERSION = YES;
				CLANG_WARN_NON_LITERAL_NULL_CONVERSION = YES;
				CLANG_WARN_OBJC_IMPLICIT_RETAIN_SELF = YES;
				CLANG_WARN_OBJC_LITERAL_CONVERSION = YES;
				CLANG_WARN_OBJC_ROOT_CLASS = YES_ERROR;
				CLANG_WARN_QUOTED_INCLUDE_IN_FRAMEWORK_HEADER = YES;
				CLANG_WARN_RANGE_LOOP_ANALYSIS = YES;
				CLANG_WARN_STRICT_PROTOTYPES = YES;
				CLANG_WARN_SUSPICIOUS_MOVE = YES;
				CLANG_WARN_UNGUARDED_AVAILABILITY = YES_AGGRESSIVE;
				CLANG_WARN_UNREACHABLE_CODE = YES;
				CLANG_WARN__DUPLICATE_METHOD_MATCH = YES;
				COPY_PHASE_STRIP = NO;
				DEBUG_INFORMATION_FORMAT = "dwarf-with-dsym";
				ENABLE_NS_ASSERTIONS = NO;
				ENABLE_STRICT_OBJC_MSGSEND = YES;
				ENABLE_USER_SCRIPT_SANDBOXING = YES;
				GCC_C_LANGUAGE_STANDARD = gnu17;
				GCC_NO_COMMON_BLOCKS = YES;
				GCC_WARN_64_TO_32_BIT_CONVERSION = YES;
				GCC_WARN_ABOUT_RETURN_TYPE = YES_ERROR;
				GCC_WARN_UNDECLARED_SELECTOR = YES;
				GCC_WARN_UNINITIALIZED_AUTOS = YES_AGGRESSIVE;
				GCC_WARN_UNUSED_FUNCTION = YES;
				GCC_WARN_UNUSED_VARIABLE = YES;
				IPHONEOS_DEPLOYMENT_TARGET = 18.0;
				LOCALIZATION_PREFERS_STRING_CATALOGS = YES;
				MTL_ENABLE_DEBUG_INFO = NO;
				MTL_FAST_MATH = YES;
				SDKROOT = iphoneos;
				SWIFT_COMPILATION_MODE = wholemodule;
				VALIDATE_PRODUCT = YES;
			};
			name = Release;
		};
		04F1E32D2D146FE500BFAEE8 /* Debug */ = {
			isa = XCBuildConfiguration;
			buildSettings = {
				ASSETCATALOG_COMPILER_APPICON_NAME = AppIcon;
				ASSETCATALOG_COMPILER_GLOBAL_ACCENT_COLOR_NAME = AccentColor;
				CODE_SIGN_STYLE = Automatic;
				CURRENT_PROJECT_VERSION = 1;
				DEVELOPMENT_ASSET_PATHS = "\"AccessibilitySandbox/Preview Content\"";
				ENABLE_PREVIEWS = YES;
				GENERATE_INFOPLIST_FILE = YES;
				INFOPLIST_KEY_UIApplicationSceneManifest_Generation = YES;
				INFOPLIST_KEY_UIApplicationSupportsIndirectInputEvents = YES;
				INFOPLIST_KEY_UILaunchScreen_Generation = YES;
				INFOPLIST_KEY_UISupportedInterfaceOrientations_iPad = "UIInterfaceOrientationPortrait UIInterfaceOrientationPortraitUpsideDown UIInterfaceOrientationLandscapeLeft UIInterfaceOrientationLandscapeRight";
				INFOPLIST_KEY_UISupportedInterfaceOrientations_iPhone = "UIInterfaceOrientationPortrait UIInterfaceOrientationLandscapeLeft UIInterfaceOrientationLandscapeRight";
				LD_RUNPATH_SEARCH_PATHS = (
					"$(inherited)",
					"@executable_path/Frameworks",
				);
				MARKETING_VERSION = 1.0;
				PRODUCT_BUNDLE_IDENTIFIER = com.nav.AccessibilitySandbox;
				PRODUCT_NAME = "$(TARGET_NAME)";
				SWIFT_EMIT_LOC_STRINGS = YES;
				SWIFT_VERSION = 5.0;
				TARGETED_DEVICE_FAMILY = "1,2";
			};
			name = Debug;
		};
		04F1E32E2D146FE500BFAEE8 /* Release */ = {
			isa = XCBuildConfiguration;
			buildSettings = {
				ASSETCATALOG_COMPILER_APPICON_NAME = AppIcon;
				ASSETCATALOG_COMPILER_GLOBAL_ACCENT_COLOR_NAME = AccentColor;
				CODE_SIGN_STYLE = Automatic;
				CURRENT_PROJECT_VERSION = 1;
				DEVELOPMENT_ASSET_PATHS = "\"AccessibilitySandbox/Preview Content\"";
				ENABLE_PREVIEWS = YES;
				GENERATE_INFOPLIST_FILE = YES;
				INFOPLIST_KEY_UIApplicationSceneManifest_Generation = YES;
				INFOPLIST_KEY_UIApplicationSupportsIndirectInputEvents = YES;
				INFOPLIST_KEY_UILaunchScreen_Generation = YES;
				INFOPLIST_KEY_UISupportedInterfaceOrientations_iPad = "UIInterfaceOrientationPortrait UIInterfaceOrientationPortraitUpsideDown UIInterfaceOrientationLandscapeLeft UIInterfaceOrientationLandscapeRight";
				INFOPLIST_KEY_UISupportedInterfaceOrientations_iPhone = "UIInterfaceOrientationPortrait UIInterfaceOrientationLandscapeLeft UIInterfaceOrientationLandscapeRight";
				LD_RUNPATH_SEARCH_PATHS = (
					"$(inherited)",
					"@executable_path/Frameworks",
				);
				MARKETING_VERSION = 1.0;
				PRODUCT_BUNDLE_IDENTIFIER = com.nav.AccessibilitySandbox;
				PRODUCT_NAME = "$(TARGET_NAME)";
				SWIFT_EMIT_LOC_STRINGS = YES;
				SWIFT_VERSION = 5.0;
				TARGETED_DEVICE_FAMILY = "1,2";
			};
			name = Release;
		};
		04F1E3302D146FE500BFAEE8 /* Debug */ = {
			isa = XCBuildConfiguration;
			buildSettings = {
				BUNDLE_LOADER = "$(TEST_HOST)";
				CODE_SIGN_STYLE = Automatic;
				CURRENT_PROJECT_VERSION = 1;
				GENERATE_INFOPLIST_FILE = YES;
				IPHONEOS_DEPLOYMENT_TARGET = 18.0;
				MARKETING_VERSION = 1.0;
				PRODUCT_BUNDLE_IDENTIFIER = com.nav.AccessibilitySandboxTests;
				PRODUCT_NAME = "$(TARGET_NAME)";
				SWIFT_EMIT_LOC_STRINGS = NO;
				SWIFT_VERSION = 5.0;
				TARGETED_DEVICE_FAMILY = "1,2";
				TEST_HOST = "$(BUILT_PRODUCTS_DIR)/AccessibilitySandbox.app/$(BUNDLE_EXECUTABLE_FOLDER_PATH)/AccessibilitySandbox";
			};
			name = Debug;
		};
		04F1E3312D146FE500BFAEE8 /* Release */ = {
			isa = XCBuildConfiguration;
			buildSettings = {
				BUNDLE_LOADER = "$(TEST_HOST)";
				CODE_SIGN_STYLE = Automatic;
				CURRENT_PROJECT_VERSION = 1;
				GENERATE_INFOPLIST_FILE = YES;
				IPHONEOS_DEPLOYMENT_TARGET = 18.0;
				MARKETING_VERSION = 1.0;
				PRODUCT_BUNDLE_IDENTIFIER = com.nav.AccessibilitySandboxTests;
				PRODUCT_NAME = "$(TARGET_NAME)";
				SWIFT_EMIT_LOC_STRINGS = NO;
				SWIFT_VERSION = 5.0;
				TARGETED_DEVICE_FAMILY = "1,2";
				TEST_HOST = "$(BUILT_PRODUCTS_DIR)/AccessibilitySandbox.app/$(BUNDLE_EXECUTABLE_FOLDER_PATH)/AccessibilitySandbox";
			};
			name = Release;
		};
		04F1E3332D146FE500BFAEE8 /* Debug */ = {
			isa = XCBuildConfiguration;
			buildSettings = {
				CODE_SIGN_STYLE = Automatic;
				CURRENT_PROJECT_VERSION = 1;
				GENERATE_INFOPLIST_FILE = YES;
				MARKETING_VERSION = 1.0;
				PRODUCT_BUNDLE_IDENTIFIER = com.nav.AccessibilitySandboxUITests;
				PRODUCT_NAME = "$(TARGET_NAME)";
				SWIFT_EMIT_LOC_STRINGS = NO;
				SWIFT_VERSION = 5.0;
				TARGETED_DEVICE_FAMILY = "1,2";
				TEST_TARGET_NAME = AccessibilitySandbox;
			};
			name = Debug;
		};
		04F1E3342D146FE500BFAEE8 /* Release */ = {
			isa = XCBuildConfiguration;
			buildSettings = {
				CODE_SIGN_STYLE = Automatic;
				CURRENT_PROJECT_VERSION = 1;
				GENERATE_INFOPLIST_FILE = YES;
				MARKETING_VERSION = 1.0;
				PRODUCT_BUNDLE_IDENTIFIER = com.nav.AccessibilitySandboxUITests;
				PRODUCT_NAME = "$(TARGET_NAME)";
				SWIFT_EMIT_LOC_STRINGS = NO;
				SWIFT_VERSION = 5.0;
				TARGETED_DEVICE_FAMILY = "1,2";
				TEST_TARGET_NAME = AccessibilitySandbox;
			};
			name = Release;
		};
/* End XCBuildConfiguration section */

/* Begin XCConfigurationList section */
		04F1E3032D146FE300BFAEE8 /* Build configuration list for PBXProject "AccessibilitySandbox" */ = {
			isa = XCConfigurationList;
			buildConfigurations = (
				04F1E32A2D146FE500BFAEE8 /* Debug */,
				04F1E32B2D146FE500BFAEE8 /* Release */,
			);
			defaultConfigurationIsVisible = 0;
			defaultConfigurationName = Release;
		};
		04F1E32C2D146FE500BFAEE8 /* Build configuration list for PBXNativeTarget "AccessibilitySandbox" */ = {
			isa = XCConfigurationList;
			buildConfigurations = (
				04F1E32D2D146FE500BFAEE8 /* Debug */,
				04F1E32E2D146FE500BFAEE8 /* Release */,
			);
			defaultConfigurationIsVisible = 0;
			defaultConfigurationName = Release;
		};
		04F1E32F2D146FE500BFAEE8 /* Build configuration list for PBXNativeTarget "AccessibilitySandboxTests" */ = {
			isa = XCConfigurationList;
			buildConfigurations = (
				04F1E3302D146FE500BFAEE8 /* Debug */,
				04F1E3312D146FE500BFAEE8 /* Release */,
			);
			defaultConfigurationIsVisible = 0;
			defaultConfigurationName = Release;
		};
		04F1E3322D146FE500BFAEE8 /* Build configuration list for PBXNativeTarget "AccessibilitySandboxUITests" */ = {
			isa = XCConfigurationList;
			buildConfigurations = (
				04F1E3332D146FE500BFAEE8 /* Debug */,
				04F1E3342D146FE500BFAEE8 /* Release */,
			);
			defaultConfigurationIsVisible = 0;
			defaultConfigurationName = Release;
		};
/* End XCConfigurationList section */
	};
	rootObject = 04F1E3002D146FE300BFAEE8 /* Project object */;
}
